
Microsoft Visual Studio Solution File, Format Version 12.00
# Visual Studio Version 17
VisualStudioVersion = 17.8.34322.80
MinimumVisualStudioVersion = 10.0.40219.1
Project("{FAE04EC0-301F-11D3-BF4B-00C04F79EFBC}") = "Zadnie 11 po lekcji 7", "Zadnie 11 po lekcji 7.csproj", "{B7C42E4B-3773-4E95-85F0-98D90EB93979}"
EndProject
Global
	GlobalSection(SolutionConfigurationPlatforms) = preSolution
		Debug|Any CPU = Debug|Any CPU
		Release|Any CPU = Release|Any CPU
	EndGlobalSection
	GlobalSection(ProjectConfigurationPlatforms) = postSolution
		{B7C42E4B-3773-4E95-85F0-98D90EB93979}.Debug|Any CPU.ActiveCfg = Debug|Any CPU
		{B7C42E4B-3773-4E95-85F0-98D90EB93979}.Debug|Any CPU.Build.0 = Debug|Any CPU
		{B7C42E4B-3773-4E95-85F0-98D90EB93979}.Release|Any CPU.ActiveCfg = Release|Any CPU
		{B7C42E4B-3773-4E95-85F0-98D90EB93979}.Release|Any CPU.Build.0 = Release|Any CPU
	EndGlobalSection
	GlobalSection(SolutionProperties) = preSolution
		HideSolutionNode = FALSE
	EndGlobalSection
	GlobalSection(ExtensibilityGlobals) = postSolution
		SolutionGuid = {E773C04D-1599-44EA-99A7-6B0B63F50739}
	EndGlobalSection
EndGlobal
